
Microsoft Visual Studio Solution File, Format Version 12.00
# Visual Studio 14
VisualStudioVersion = 14.0.25123.0
MinimumVisualStudioVersion = 10.0.40219.1
Project("{FAE04EC0-301F-11D3-BF4B-00C04F79EFBC}") = "Pos", "Pos\Pos.csproj", "{595517A8-536F-49BA-8A6B-5EB2F7C190E4}"
	ProjectSection(ProjectDependencies) = postProject
		{9A653A28-FE46-40E8-A14F-48B0E325165D} = {9A653A28-FE46-40E8-A14F-48B0E325165D}
	EndProjectSection
EndProject
Project("{FAE04EC0-301F-11D3-BF4B-00C04F79EFBC}") = "Utils", "Utils\Utils.csproj", "{6BBB2726-F66B-4799-AFE6-D82DF171D1C5}"
EndProject
Project("{FAE04EC0-301F-11D3-BF4B-00C04F79EFBC}") = "UnitTestProject1", "UnitTestProject1\UnitTestProject1.csproj", "{4BF1D5A6-FA51-4B3A-A164-78102C059652}"
EndProject
Project("{FAE04EC0-301F-11D3-BF4B-00C04F79EFBC}") = "ConsoleApplicationTest", "ConsoleApplicationTest\ConsoleApplicationTest\ConsoleApplicationTest.csproj", "{9B80FB4C-0CB3-4AE6-BF3E-EB72035D331F}"
EndProject
Project("{FAE04EC0-301F-11D3-BF4B-00C04F79EFBC}") = "FirstFloor.ModernUI", "FirstFloor.ModernUI\FirstFloor.ModernUI.csproj", "{9A653A28-FE46-40E8-A14F-48B0E325165D}"
EndProject
Global
	GlobalSection(SolutionConfigurationPlatforms) = preSolution
		Debug|Any CPU = Debug|Any CPU
		Release|Any CPU = Release|Any CPU
	EndGlobalSection
	GlobalSection(ProjectConfigurationPlatforms) = postSolution
		{595517A8-536F-49BA-8A6B-5EB2F7C190E4}.Debug|Any CPU.ActiveCfg = Debug|Any CPU
		{595517A8-536F-49BA-8A6B-5EB2F7C190E4}.Debug|Any CPU.Build.0 = Debug|Any CPU
		{595517A8-536F-49BA-8A6B-5EB2F7C190E4}.Release|Any CPU.ActiveCfg = Release|Any CPU
		{595517A8-536F-49BA-8A6B-5EB2F7C190E4}.Release|Any CPU.Build.0 = Release|Any CPU
		{6BBB2726-F66B-4799-AFE6-D82DF171D1C5}.Debug|Any CPU.ActiveCfg = Debug|Any CPU
		{6BBB2726-F66B-4799-AFE6-D82DF171D1C5}.Debug|Any CPU.Build.0 = Debug|Any CPU
		{6BBB2726-F66B-4799-AFE6-D82DF171D1C5}.Release|Any CPU.ActiveCfg = Release|Any CPU
		{6BBB2726-F66B-4799-AFE6-D82DF171D1C5}.Release|Any CPU.Build.0 = Release|Any CPU
		{4BF1D5A6-FA51-4B3A-A164-78102C059652}.Debug|Any CPU.ActiveCfg = Debug|Any CPU
		{4BF1D5A6-FA51-4B3A-A164-78102C059652}.Debug|Any CPU.Build.0 = Debug|Any CPU
		{4BF1D5A6-FA51-4B3A-A164-78102C059652}.Release|Any CPU.ActiveCfg = Release|Any CPU
		{4BF1D5A6-FA51-4B3A-A164-78102C059652}.Release|Any CPU.Build.0 = Release|Any CPU
		{9B80FB4C-0CB3-4AE6-BF3E-EB72035D331F}.Debug|Any CPU.ActiveCfg = Debug|Any CPU
		{9B80FB4C-0CB3-4AE6-BF3E-EB72035D331F}.Debug|Any CPU.Build.0 = Debug|Any CPU
		{9B80FB4C-0CB3-4AE6-BF3E-EB72035D331F}.Release|Any CPU.ActiveCfg = Release|Any CPU
		{9B80FB4C-0CB3-4AE6-BF3E-EB72035D331F}.Release|Any CPU.Build.0 = Release|Any CPU
		{9A653A28-FE46-40E8-A14F-48B0E325165D}.Debug|Any CPU.ActiveCfg = Debug|Any CPU
		{9A653A28-FE46-40E8-A14F-48B0E325165D}.Debug|Any CPU.Build.0 = Debug|Any CPU
		{9A653A28-FE46-40E8-A14F-48B0E325165D}.Release|Any CPU.ActiveCfg = Release|Any CPU
		{9A653A28-FE46-40E8-A14F-48B0E325165D}.Release|Any CPU.Build.0 = Release|Any CPU
	EndGlobalSection
	GlobalSection(SolutionProperties) = preSolution
		HideSolutionNode = FALSE
	EndGlobalSection
EndGlobal
